Microsoft Visual Studio Solution File, Format Version 12.00
# Visual Studio Version 17
VisualStudioVersion = 17.5.2.0
MinimumVisualStudioVersion = 10.0.40219.1
Project("{FAE04EC0-301F-11D3-BF4B-00C04F79EFBC}") = "ESP32Controller", "ESP32Controller.csproj", "{F276A221-30A2-3A01-68A8-9F9C7C26F816}"
EndProject
Global
	GlobalSection(SolutionConfigurationPlatforms) = preSolution
		Debug|Any CPU = Debug|Any CPU
		Release|Any CPU = Release|Any CPU
	EndGlobalSection
	GlobalSection(ProjectConfigurationPlatforms) = postSolution
		{F276A221-30A2-3A01-68A8-9F9C7C26F816}.Debug|Any CPU.ActiveCfg = Debug|Any CPU
		{F276A221-30A2-3A01-68A8-9F9C7C26F816}.Debug|Any CPU.Build.0 = Debug|Any CPU
		{F276A221-30A2-3A01-68A8-9F9C7C26F816}.Release|Any CPU.ActiveCfg = Release|Any CPU
		{F276A221-30A2-3A01-68A8-9F9C7C26F816}.Release|Any CPU.Build.0 = Release|Any CPU
	EndGlobalSection
	GlobalSection(SolutionProperties) = preSolution
		HideSolutionNode = FALSE
	EndGlobalSection
	GlobalSection(ExtensibilityGlobals) = postSolution
		SolutionGuid = {2100E486-1239-464D-BADB-9860D1645F6B}
	EndGlobalSection
EndGlobal
